// !$*UTF8*$!
{
	archiveVersion = 1;
	classes = {
	};
	objectVersion = 56;
	objects = {

/* Begin PBXBuildFile section */
		CE5C70AC2B2943DE005B9B9E /* FinishViewController.swift in Sources */ = {isa = PBXBuildFile; fileRef = CE5C70AB2B2943DE005B9B9E /* FinishViewController.swift */; };
		CE5C70AE2B294569005B9B9E /* SecondViewController .swift in Sources */ = {isa = PBXBuildFile; fileRef = CE5C70AD2B294569005B9B9E /* SecondViewController .swift */; };
		CE5C70F12B2D517A005B9B9E /* MakerView.swift in Sources */ = {isa = PBXBuildFile; fileRef = CE5C70F02B2D517A005B9B9E /* MakerView.swift */; };
		CE79F6992B24173F00831836 /* AppDelegate.swift in Sources */ = {isa = PBXBuildFile; fileRef = CE79F6982B24173F00831836 /* AppDelegate.swift */; };
		CE79F69B2B24173F00831836 /* SceneDelegate.swift in Sources */ = {isa = PBXBuildFile; fileRef = CE79F69A2B24173F00831836 /* SceneDelegate.swift */; };
		CE79F69D2B24173F00831836 /* ViewController.swift in Sources */ = {isa = PBXBuildFile; fileRef = CE79F69C2B24173F00831836 /* ViewController.swift */; };
		CE79F6A22B24174200831836 /* Assets.xcassets in Resources */ = {isa = PBXBuildFile; fileRef = CE79F6A12B24174200831836 /* Assets.xcassets */; };
		CE79F6A52B24174200831836 /* LaunchScreen.storyboard in Resources */ = {isa = PBXBuildFile; fileRef = CE79F6A32B24174200831836 /* LaunchScreen.storyboard */; };
		CE7D89AA2B327710006EAACF /* thirdPage.swift in Sources */ = {isa = PBXBuildFile; fileRef = CE7D89A92B327710006EAACF /* thirdPage.swift */; };
		CE7D89AD2B328206006EAACF /* SnapKit in Frameworks */ = {isa = PBXBuildFile; productRef = CE7D89AC2B328206006EAACF /* SnapKit */; };
		CE7D89D22B32A037006EAACF /* TableViewCell.swift in Sources */ = {isa = PBXBuildFile; fileRef = CE7D89D12B32A037006EAACF /* TableViewCell.swift */; };
		CECAD3CC2B562E1D00571489 /* CheckViewController.swift in Sources */ = {isa = PBXBuildFile; fileRef = CECAD3CB2B562E1D00571489 /* CheckViewController.swift */; };
/* End PBXBuildFile section */

/* Begin PBXFileReference section */
		CE5C70AB2B2943DE005B9B9E /* FinishViewController.swift */ = {isa = PBXFileReference; lastKnownFileType = sourcecode.swift; path = FinishViewController.swift; sourceTree = "<group>"; };
		CE5C70AD2B294569005B9B9E /* SecondViewController .swift */ = {isa = PBXFileReference; lastKnownFileType = sourcecode.swift; path = "SecondViewController .swift"; sourceTree = "<group>"; };
		CE5C70F02B2D517A005B9B9E /* MakerView.swift */ = {isa = PBXFileReference; lastKnownFileType = sourcecode.swift; path = MakerView.swift; sourceTree = "<group>"; };
		CE79F6952B24173F00831836 /* lesson№1(4-month).app */ = {isa = PBXFileReference; explicitFileType = wrapper.application; includeInIndex = 0; path = "lesson№1(4-month).app"; sourceTree = BUILT_PRODUCTS_DIR; };
		CE79F6982B24173F00831836 /* AppDelegate.swift */ = {isa = PBXFileReference; lastKnownFileType = sourcecode.swift; path = AppDelegate.swift; sourceTree = "<group>"; };
		CE79F69A2B24173F00831836 /* SceneDelegate.swift */ = {isa = PBXFileReference; lastKnownFileType = sourcecode.swift; path = SceneDelegate.swift; sourceTree = "<group>"; };
		CE79F69C2B24173F00831836 /* ViewController.swift */ = {isa = PBXFileReference; lastKnownFileType = sourcecode.swift; path = ViewController.swift; sourceTree = "<group>"; };
		CE79F6A12B24174200831836 /* Assets.xcassets */ = {isa = PBXFileReference; lastKnownFileType = folder.assetcatalog; path = Assets.xcassets; sourceTree = "<group>"; };
		CE79F6A42B24174200831836 /* Base */ = {isa = PBXFileReference; lastKnownFileType = file.storyboard; name = Base; path = Base.lproj/LaunchScreen.storyboard; sourceTree = "<group>"; };
		CE79F6A62B24174200831836 /* Info.plist */ = {isa = PBXFileReference; lastKnownFileType = text.plist.xml; path = Info.plist; sourceTree = "<group>"; };
		CE7D89A92B327710006EAACF /* thirdPage.swift */ = {isa = PBXFileReference; lastKnownFileType = sourcecode.swift; path = thirdPage.swift; sourceTree = "<group>"; };
		CE7D89D12B32A037006EAACF /* TableViewCell.swift */ = {isa = PBXFileReference; lastKnownFileType = sourcecode.swift; path = TableViewCell.swift; sourceTree = "<group>"; };
		CECAD3CB2B562E1D00571489 /* CheckViewController.swift */ = {isa = PBXFileReference; lastKnownFileType = sourcecode.swift; path = CheckViewController.swift; sourceTree = "<group>"; };
/* End PBXFileReference section */

/* Begin PBXFrameworksBuildPhase section */
		CE79F6922B24173F00831836 /* Frameworks */ = {
			isa = PBXFrameworksBuildPhase;
			buildActionMask = 2147483647;
			files = (
				CE7D89AD2B328206006EAACF /* SnapKit in Frameworks */,
			);
			runOnlyForDeploymentPostprocessing = 0;
		};
/* End PBXFrameworksBuildPhase section */

/* Begin PBXGroup section */
		CE5C70EF2B2D5163005B9B9E /* Helper */ = {
			isa = PBXGroup;
			children = (
				CE5C70F02B2D517A005B9B9E /* MakerView.swift */,
			);
			path = Helper;
			sourceTree = "<group>";
		};
		CE79F68C2B24173F00831836 = {
			isa = PBXGroup;
			children = (
				CE79F6972B24173F00831836 /* lesson№1(4-month) */,
				CE79F6962B24173F00831836 /* Products */,
			);
			sourceTree = "<group>";
		};
		CE79F6962B24173F00831836 /* Products */ = {
			isa = PBXGroup;
			children = (
				CE79F6952B24173F00831836 /* lesson№1(4-month).app */,
			);
			name = Products;
			sourceTree = "<group>";
		};
		CE79F6972B24173F00831836 /* lesson№1(4-month) */ = {
			isa = PBXGroup;
			children = (
				CE7D89D02B32A00B006EAACF /* Cell */,
				CE5C70EF2B2D5163005B9B9E /* Helper */,
				CEDC0C7B2B2428F6000F8369 /* Controlles */,
				CEDC0C7A2B2428D5000F8369 /* Resource */,
				CEDC0C782B242858000F8369 /* AppDelegate */,
				CE79F6A62B24174200831836 /* Info.plist */,
			);
			path = "lesson№1(4-month)";
			sourceTree = "<group>";
		};
		CE7D89D02B32A00B006EAACF /* Cell */ = {
			isa = PBXGroup;
			children = (
				CE7D89D12B32A037006EAACF /* TableViewCell.swift */,
			);
			path = Cell;
			sourceTree = "<group>";
		};
		CEDC0C782B242858000F8369 /* AppDelegate */ = {
			isa = PBXGroup;
			children = (
				CE79F69A2B24173F00831836 /* SceneDelegate.swift */,
				CE79F6982B24173F00831836 /* AppDelegate.swift */,
			);
			path = AppDelegate;
			sourceTree = "<group>";
		};
		CEDC0C7A2B2428D5000F8369 /* Resource */ = {
			isa = PBXGroup;
			children = (
				CE79F6A32B24174200831836 /* LaunchScreen.storyboard */,
				CE79F6A12B24174200831836 /* Assets.xcassets */,
			);
			path = Resource;
			sourceTree = "<group>";
		};
		CEDC0C7B2B2428F6000F8369 /* Controlles */ = {
			isa = PBXGroup;
			children = (
				CE79F69C2B24173F00831836 /* ViewController.swift */,
				CE5C70AB2B2943DE005B9B9E /* FinishViewController.swift */,
				CE5C70AD2B294569005B9B9E /* SecondViewController .swift */,
				CE7D89A92B327710006EAACF /* thirdPage.swift */,
				CECAD3CB2B562E1D00571489 /* CheckViewController.swift */,
			);
			path = Controlles;
			sourceTree = "<group>";
		};
/* End PBXGroup section */

/* Begin PBXNativeTarget section */
		CE79F6942B24173F00831836 /* lesson№1(4-month) */ = {
			isa = PBXNativeTarget;
			buildConfigurationList = CE79F6A92B24174200831836 /* Build configuration list for PBXNativeTarget "lesson№1(4-month)" */;
			buildPhases = (
				CE79F6912B24173F00831836 /* Sources */,
				CE79F6922B24173F00831836 /* Frameworks */,
				CE79F6932B24173F00831836 /* Resources */,
			);
			buildRules = (
			);
			dependencies = (
			);
			name = "lesson№1(4-month)";
			packageProductDependencies = (
				CE7D89AC2B328206006EAACF /* SnapKit */,
			);
			productName = "lesson№1(4-month)";
			productReference = CE79F6952B24173F00831836 /* lesson№1(4-month).app */;
			productType = "com.apple.product-type.application";
		};
/* End PBXNativeTarget section */

/* Begin PBXProject section */
		CE79F68D2B24173F00831836 /* Project object */ = {
			isa = PBXProject;
			attributes = {
				BuildIndependentTargetsInParallel = 1;
				LastSwiftUpdateCheck = 1430;
				LastUpgradeCheck = 1430;
				TargetAttributes = {
					CE79F6942B24173F00831836 = {
						CreatedOnToolsVersion = 14.3.1;
					};
				};
			};
			buildConfigurationList = CE79F6902B24173F00831836 /* Build configuration list for PBXProject "lesson№1(4-month)" */;
			compatibilityVersion = "Xcode 14.0";
			developmentRegion = en;
			hasScannedForEncodings = 0;
			knownRegions = (
				en,
				Base,
			);
			mainGroup = CE79F68C2B24173F00831836;
			packageReferences = (
				CE7D89AB2B328206006EAACF /* XCRemoteSwiftPackageReference "SnapKit" */,
			);
			productRefGroup = CE79F6962B24173F00831836 /* Products */;
			projectDirPath = "";
			projectRoot = "";
			targets = (
				CE79F6942B24173F00831836 /* lesson№1(4-month) */,
			);
		};
/* End PBXProject section */

/* Begin PBXResourcesBuildPhase section */
		CE79F6932B24173F00831836 /* Resources */ = {
			isa = PBXResourcesBuildPhase;
			buildActionMask = 2147483647;
			files = (
				CE79F6A52B24174200831836 /* LaunchScreen.storyboard in Resources */,
				CE79F6A22B24174200831836 /* Assets.xcassets in Resources */,
			);
			runOnlyForDeploymentPostprocessing = 0;
		};
/* End PBXResourcesBuildPhase section */

/* Begin PBXSourcesBuildPhase section */
		CE79F6912B24173F00831836 /* Sources */ = {
			isa = PBXSourcesBuildPhase;
			buildActionMask = 2147483647;
			files = (
				CE79F69D2B24173F00831836 /* ViewController.swift in Sources */,
				CE7D89D22B32A037006EAACF /* TableViewCell.swift in Sources */,
				CE5C70F12B2D517A005B9B9E /* MakerView.swift in Sources */,
				CE5C70AE2B294569005B9B9E /* SecondViewController .swift in Sources */,
				CE5C70AC2B2943DE005B9B9E /* FinishViewController.swift in Sources */,
				CE7D89AA2B327710006EAACF /* thirdPage.swift in Sources */,
				CECAD3CC2B562E1D00571489 /* CheckViewController.swift in Sources */,
				CE79F6992B24173F00831836 /* AppDelegate.swift in Sources */,
				CE79F69B2B24173F00831836 /* SceneDelegate.swift in Sources */,
			);
			runOnlyForDeploymentPostprocessing = 0;
		};
/* End PBXSourcesBuildPhase section */

/* Begin PBXVariantGroup section */
		CE79F6A32B24174200831836 /* LaunchScreen.storyboard */ = {
			isa = PBXVariantGroup;
			children = (
				CE79F6A42B24174200831836 /* Base */,
			);
			name = LaunchScreen.storyboard;
			sourceTree = "<group>";
		};
/* End PBXVariantGroup section */

/* Begin XCBuildConfiguration section */
		CE79F6A72B24174200831836 /* Debug */ = {
			isa = XCBuildConfiguration;
			buildSettings = {
				ALWAYS_SEARCH_USER_PATHS = NO;
				CLANG_ANALYZER_NONNULL = YES;
				CLANG_ANALYZER_NUMBER_OBJECT_CONVERSION = YES_AGGRESSIVE;
				CLANG_CXX_LANGUAGE_STANDARD = "gnu++20";
				CLANG_ENABLE_MODULES = YES;
				CLANG_ENABLE_OBJC_ARC = YES;
				CLANG_ENABLE_OBJC_WEAK = YES;
				CLANG_WARN_BLOCK_CAPTURE_AUTORELEASING = YES;
				CLANG_WARN_BOOL_CONVERSION = YES;
				CLANG_WARN_COMMA = YES;
				CLANG_WARN_CONSTANT_CONVERSION = YES;
				CLANG_WARN_DEPRECATED_OBJC_IMPLEMENTATIONS = YES;
				CLANG_WARN_DIRECT_OBJC_ISA_USAGE = YES_ERROR;
				CLANG_WARN_DOCUMENTATION_COMMENTS = YES;
				CLANG_WARN_EMPTY_BODY = YES;
				CLANG_WARN_ENUM_CONVERSION = YES;
				CLANG_WARN_INFINITE_RECURSION = YES;
				CLANG_WARN_INT_CONVERSION = YES;
				CLANG_WARN_NON_LITERAL_NULL_CONVERSION = YES;
				CLANG_WARN_OBJC_IMPLICIT_RETAIN_SELF = YES;
				CLANG_WARN_OBJC_LITERAL_CONVERSION = YES;
				CLANG_WARN_OBJC_ROOT_CLASS = YES_ERROR;
				CLANG_WARN_QUOTED_INCLUDE_IN_FRAMEWORK_HEADER = YES;
				CLANG_WARN_RANGE_LOOP_ANALYSIS = YES;
				CLANG_WARN_STRICT_PROTOTYPES = YES;
				CLANG_WARN_SUSPICIOUS_MOVE = YES;
				CLANG_WARN_UNGUARDED_AVAILABILITY = YES_AGGRESSIVE;
				CLANG_WARN_UNREACHABLE_CODE = YES;
				CLANG_WARN__DUPLICATE_METHOD_MATCH = YES;
				COPY_PHASE_STRIP = NO;
				DEBUG_INFORMATION_FORMAT = dwarf;
				ENABLE_STRICT_OBJC_MSGSEND = YES;
				ENABLE_TESTABILITY = YES;
				GCC_C_LANGUAGE_STANDARD = gnu11;
				GCC_DYNAMIC_NO_PIC = NO;
				GCC_NO_COMMON_BLOCKS = YES;
				GCC_OPTIMIZATION_LEVEL = 0;
				GCC_PREPROCESSOR_DEFINITIONS = (
					"DEBUG=1",
					"$(inherited)",
				);
				GCC_WARN_64_TO_32_BIT_CONVERSION = YES;
				GCC_WARN_ABOUT_RETURN_TYPE = YES_ERROR;
				GCC_WARN_UNDECLARED_SELECTOR = YES;
				GCC_WARN_UNINITIALIZED_AUTOS = YES_AGGRESSIVE;
				GCC_WARN_UNUSED_FUNCTION = YES;
				GCC_WARN_UNUSED_VARIABLE = YES;
				IPHONEOS_DEPLOYMENT_TARGET = 16.4;
				MTL_ENABLE_DEBUG_INFO = INCLUDE_SOURCE;
				MTL_FAST_MATH = YES;
				ONLY_ACTIVE_ARCH = YES;
				SDKROOT = iphoneos;
				SWIFT_ACTIVE_COMPILATION_CONDITIONS = DEBUG;
				SWIFT_OPTIMIZATION_LEVEL = "-Onone";
			};
			name = Debug;
		};
		CE79F6A82B24174200831836 /* Release */ = {
			isa = XCBuildConfiguration;
			buildSettings = {
				ALWAYS_SEARCH_USER_PATHS = NO;
				CLANG_ANALYZER_NONNULL = YES;
				CLANG_ANALYZER_NUMBER_OBJECT_CONVERSION = YES_AGGRESSIVE;
				CLANG_CXX_LANGUAGE_STANDARD = "gnu++20";
				CLANG_ENABLE_MODULES = YES;
				CLANG_ENABLE_OBJC_ARC = YES;
				CLANG_ENABLE_OBJC_WEAK = YES;
				CLANG_WARN_BLOCK_CAPTURE_AUTORELEASING = YES;
				CLANG_WARN_BOOL_CONVERSION = YES;
				CLANG_WARN_COMMA = YES;
				CLANG_WARN_CONSTANT_CONVERSION = YES;
				CLANG_WARN_DEPRECATED_OBJC_IMPLEMENTATIONS = YES;
				CLANG_WARN_DIRECT_OBJC_ISA_USAGE = YES_ERROR;
				CLANG_WARN_DOCUMENTATION_COMMENTS = YES;
				CLANG_WARN_EMPTY_BODY = YES;
				CLANG_WARN_ENUM_CONVERSION = YES;
				CLANG_WARN_INFINITE_RECURSION = YES;
				CLANG_WARN_INT_CONVERSION = YES;
				CLANG_WARN_NON_LITERAL_NULL_CONVERSION = YES;
				CLANG_WARN_OBJC_IMPLICIT_RETAIN_SELF = YES;
				CLANG_WARN_OBJC_LITERAL_CONVERSION = YES;
				CLANG_WARN_OBJC_ROOT_CLASS = YES_ERROR;
				CLANG_WARN_QUOTED_INCLUDE_IN_FRAMEWORK_HEADER = YES;
				CLANG_WARN_RANGE_LOOP_ANALYSIS = YES;
				CLANG_WARN_STRICT_PROTOTYPES = YES;
				CLANG_WARN_SUSPICIOUS_MOVE = YES;
				CLANG_WARN_UNGUARDED_AVAILABILITY = YES_AGGRESSIVE;
				CLANG_WARN_UNREACHABLE_CODE = YES;
				CLANG_WARN__DUPLICATE_METHOD_MATCH = YES;
				COPY_PHASE_STRIP = NO;
				DEBUG_INFORMATION_FORMAT = "dwarf-with-dsym";
				ENABLE_NS_ASSERTIONS = NO;
				ENABLE_STRICT_OBJC_MSGSEND = YES;
				GCC_C_LANGUAGE_STANDARD = gnu11;
				GCC_NO_COMMON_BLOCKS = YES;
				GCC_WARN_64_TO_32_BIT_CONVERSION = YES;
				GCC_WARN_ABOUT_RETURN_TYPE = YES_ERROR;
				GCC_WARN_UNDECLARED_SELECTOR = YES;
				GCC_WARN_UNINITIALIZED_AUTOS = YES_AGGRESSIVE;
				GCC_WARN_UNUSED_FUNCTION = YES;
				GCC_WARN_UNUSED_VARIABLE = YES;
				IPHONEOS_DEPLOYMENT_TARGET = 16.4;
				MTL_ENABLE_DEBUG_INFO = NO;
				MTL_FAST_MATH = YES;
				SDKROOT = iphoneos;
				SWIFT_COMPILATION_MODE = wholemodule;
				SWIFT_OPTIMIZATION_LEVEL = "-O";
				VALIDATE_PRODUCT = YES;
			};
			name = Release;
		};
		CE79F6AA2B24174200831836 /* Debug */ = {
			isa = XCBuildConfiguration;
			buildSettings = {
				ASSETCATALOG_COMPILER_APPICON_NAME = AppIcon;
				ASSETCATALOG_COMPILER_GLOBAL_ACCENT_COLOR_NAME = AccentColor;
				CODE_SIGN_STYLE = Automatic;
				CURRENT_PROJECT_VERSION = 1;
				GENERATE_INFOPLIST_FILE = YES;
				INFOPLIST_FILE = "lesson№1(4-month)/Info.plist";
				INFOPLIST_KEY_UIApplicationSupportsIndirectInputEvents = YES;
				INFOPLIST_KEY_UILaunchStoryboardName = LaunchScreen;
				INFOPLIST_KEY_UISupportedInterfaceOrientations_iPad = "UIInterfaceOrientationPortrait UIInterfaceOrientationPortraitUpsideDown UIInterfaceOrientationLandscapeLeft UIInterfaceOrientationLandscapeRight";
				INFOPLIST_KEY_UISupportedInterfaceOrientations_iPhone = "UIInterfaceOrientationPortrait UIInterfaceOrientationLandscapeLeft UIInterfaceOrientationLandscapeRight";
				IPHONEOS_DEPLOYMENT_TARGET = 16.0;
				LD_RUNPATH_SEARCH_PATHS = (
					"$(inherited)",
					"@executable_path/Frameworks",
				);
				MARKETING_VERSION = 1.0;
				PRODUCT_BUNDLE_IDENTIFIER = "adi.lesson-1-4-month-";
				PRODUCT_NAME = "$(TARGET_NAME)";
				SWIFT_EMIT_LOC_STRINGS = YES;
				SWIFT_VERSION = 5.0;
				TARGETED_DEVICE_FAMILY = "1,2";
			};
			name = Debug;
		};
		CE79F6AB2B24174200831836 /* Release */ = {
			isa = XCBuildConfiguration;
			buildSettings = {
				ASSETCATALOG_COMPILER_APPICON_NAME = AppIcon;
				ASSETCATALOG_COMPILER_GLOBAL_ACCENT_COLOR_NAME = AccentColor;
				CODE_SIGN_STYLE = Automatic;
				CURRENT_PROJECT_VERSION = 1;
				GENERATE_INFOPLIST_FILE = YES;
				INFOPLIST_FILE = "lesson№1(4-month)/Info.plist";
				INFOPLIST_KEY_UIApplicationSupportsIndirectInputEvents = YES;
				INFOPLIST_KEY_UILaunchStoryboardName = LaunchScreen;
				INFOPLIST_KEY_UISupportedInterfaceOrientations_iPad = "UIInterfaceOrientationPortrait UIInterfaceOrientationPortraitUpsideDown UIInterfaceOrientationLandscapeLeft UIInterfaceOrientationLandscapeRight";
				INFOPLIST_KEY_UISupportedInterfaceOrientations_iPhone = "UIInterfaceOrientationPortrait UIInterfaceOrientationLandscapeLeft UIInterfaceOrientationLandscapeRight";
				IPHONEOS_DEPLOYMENT_TARGET = 16.0;
				LD_RUNPATH_SEARCH_PATHS = (
					"$(inherited)",
					"@executable_path/Frameworks",
				);
				MARKETING_VERSION = 1.0;
				PRODUCT_BUNDLE_IDENTIFIER = "adi.lesson-1-4-month-";
				PRODUCT_NAME = "$(TARGET_NAME)";
				SWIFT_EMIT_LOC_STRINGS = YES;
				SWIFT_VERSION = 5.0;
				TARGETED_DEVICE_FAMILY = "1,2";
			};
			name = Release;
		};
/* End XCBuildConfiguration section */

/* Begin XCConfigurationList section */
		CE79F6902B24173F00831836 /* Build configuration list for PBXProject "lesson№1(4-month)" */ = {
			isa = XCConfigurationList;
			buildConfigurations = (
				CE79F6A72B24174200831836 /* Debug */,
				CE79F6A82B24174200831836 /* Release */,
			);
			defaultConfigurationIsVisible = 0;
			defaultConfigurationName = Release;
		};
		CE79F6A92B24174200831836 /* Build configuration list for PBXNativeTarget "lesson№1(4-month)" */ = {
			isa = XCConfigurationList;
			buildConfigurations = (
				CE79F6AA2B24174200831836 /* Debug */,
				CE79F6AB2B24174200831836 /* Release */,
			);
			defaultConfigurationIsVisible = 0;
			defaultConfigurationName = Release;
		};
/* End XCConfigurationList section */

/* Begin XCRemoteSwiftPackageReference section */
		CE7D89AB2B328206006EAACF /* XCRemoteSwiftPackageReference "SnapKit" */ = {
			isa = XCRemoteSwiftPackageReference;
			repositoryURL = "https://github.com/SnapKit/SnapKit.git";
			requirement = {
				kind = upToNextMajorVersion;
				minimumVersion = 5.0.0;
			};
		};
/* End XCRemoteSwiftPackageReference section */

/* Begin XCSwiftPackageProductDependency section */
		CE7D89AC2B328206006EAACF /* SnapKit */ = {
			isa = XCSwiftPackageProductDependency;
			package = CE7D89AB2B328206006EAACF /* XCRemoteSwiftPackageReference "SnapKit" */;
			productName = SnapKit;
		};
/* End XCSwiftPackageProductDependency section */
	};
	rootObject = CE79F68D2B24173F00831836 /* Project object */;
}
